schema: '2.0'
stages:
  test:
    cmd: Rscript test.R
    deps:
    - path: test.R
      md5: ebe8e177424f3000beeab3c0620c2c31
      size: 26
  download_ons:
    cmd: Rscript .pipelines/run_ons_update.R
    deps:
    - path: .pipelines/run_ons_update.R
      md5: cace3fd59efac27c70ac8c69267378ad
      size: 22
