schema: '2.0'
stages:
  test:
    cmd: Rscript test.R
    deps:
    - path: test.R
      hash: md5
      md5: da6513522e430fc5129af7b2559deb87
      size: 25
  download_ons:
    cmd: Rscript .pipelines/run_ons_update.R
    deps:
    - path: .pipelines/run_ons_update.R
      hash: md5
      md5: 9bc145eef2ff631c538fe60423ce7b35
      size: 43
    - path: R/
      hash: md5
      md5: 71e181206bec14d246f9c6146cbb5f39.dir
      size: 74897
      nfiles: 28
