schema: '2.0'
stages:
  test:
    cmd: Rscript test.R
    deps:
    - path: test.R
      hash: md5
      md5: da6513522e430fc5129af7b2559deb87
      size: 25
  download_ons:
    cmd: Rscript .pipelines/run_ons_update.R
    deps:
    - path: .pipelines/run_ons_update.R
      hash: md5
      md5: aa60c3a02f4b44dba1f136aaf87cebb6
      size: 91
    - path: R/
      hash: md5
      md5: 2f1ac7b9e471e07ce834a7e389f49a7d.dir
      size: 84440
      nfiles: 34
